
Microsoft Visual Studio Solution File, Format Version 12.00
# Visual Studio Version 16
VisualStudioVersion = 16.0.30128.74
MinimumVisualStudioVersion = 10.0.40219.1
Project("{9A19103F-16F7-4668-BE54-9A1E7A4F7556}") = "GloboTicket.Web", "GloboTicket.Client\GloboTicket.Web.csproj", "{0848F9B8-B1CC-412F-9A8C-A09058575A1E}"
EndProject
Project("{2150E333-8FDC-42A3-9474-1A3956D46DE8}") = "Services", "Services", "{F3632F51-056C-43C5-9E59-8D371E99C8BF}"
EndProject
Project("{2150E333-8FDC-42A3-9474-1A3956D46DE8}") = "Frontends", "Frontends", "{825D4E4F-3BFF-4546-96AB-8AB83D95722D}"
EndProject
Project("{9A19103F-16F7-4668-BE54-9A1E7A4F7556}") = "GloboTicket.Services.ShoppingBasket", "GloboTicket.Services.ShoppingBasket\GloboTicket.Services.ShoppingBasket.csproj", "{CD16338F-F1A0-44F7-834E-7813F3EF63FE}"
EndProject
Project("{9A19103F-16F7-4668-BE54-9A1E7A4F7556}") = "GloboTicket.Services.EventCatalog", "GloboTicket.Services.EventCatalog\GloboTicket.Services.EventCatalog.csproj", "{E2C27A67-A664-4501-8045-C71F13924979}"
EndProject
Project("{9A19103F-16F7-4668-BE54-9A1E7A4F7556}") = "GloboTicket.Services.Marketing", "GloboTicket.Services.Marketing\GloboTicket.Services.Marketing.csproj", "{D230B20E-4C90-4BC4-A3FE-0B1AB7D02380}"
EndProject
Project("{9A19103F-16F7-4668-BE54-9A1E7A4F7556}") = "GloboTicket.Services.Discount", "GloboTicket.Services.Discount\GloboTicket.Services.Discount.csproj", "{CBD08DF7-C1FA-4670-A265-827259E45867}"
EndProject
Project("{9A19103F-16F7-4668-BE54-9A1E7A4F7556}") = "GloboTicket.Services.Ordering", "GloboTicket.Services.Order\GloboTicket.Services.Ordering.csproj", "{A36462E2-CD8A-4D63-BC2D-E4CDB3313A7C}"
EndProject
Project("{2150E333-8FDC-42A3-9474-1A3956D46DE8}") = "Fake", "Fake", "{BEE0F382-1476-489A-9ACA-B4D969B45BDF}"
EndProject
Project("{2150E333-8FDC-42A3-9474-1A3956D46DE8}") = "Integration", "Integration", "{8BC3B285-5AD7-49A5-AE12-6903C029FEC5}"
EndProject
Project("{9A19103F-16F7-4668-BE54-9A1E7A4F7556}") = "GloboTicket.Integration.MessagingBus", "GloboTicket.Integration.MessagingBus\GloboTicket.Integration.MessagingBus.csproj", "{532539E3-8124-49E1-BDAE-8931A42BF7D6}"
EndProject
Project("{9A19103F-16F7-4668-BE54-9A1E7A4F7556}") = "GloboTicket.Integration.Messages", "GloboTicket.Integration.Messages\GloboTicket.Integration.Messages.csproj", "{A6997021-8A1B-4727-9E5C-3EC1DB783BFC}"
EndProject
Project("{9A19103F-16F7-4668-BE54-9A1E7A4F7556}") = "External.PaymentGateway", "External.PaymentGateway\External.PaymentGateway.csproj", "{08E68C56-A116-430C-A5C3-78797B49C726}"
EndProject
Project("{9A19103F-16F7-4668-BE54-9A1E7A4F7556}") = "GloboTicket.Services.Payment", "GloboTicket.Services.Payment\GloboTicket.Services.Payment.csproj", "{71D77F9F-0A21-4054-BB7C-A9C75062B202}"
EndProject
Project("{2150E333-8FDC-42A3-9474-1A3956D46DE8}") = "Gateway", "Gateway", "{C5340063-2075-4208-B77A-2D192BC07552}"
EndProject
Project("{9A19103F-16F7-4668-BE54-9A1E7A4F7556}") = "GloboTicket.Gateway.WebBff", "GloboTicket.Gateway.WebBff\GloboTicket.Gateway.WebBff.csproj", "{883D3C2D-9557-46B7-A993-1CD6117A731A}"
EndProject
Project("{9A19103F-16F7-4668-BE54-9A1E7A4F7556}") = "GloboTicket.Gateway.MobileBff", "GloboTicket.Gateway.MobileBff\GloboTicket.Gateway.MobileBff.csproj", "{7A7E27B3-1CA8-49F8-9A14-81E11ED0EF1D}"
EndProject
Project("{9A19103F-16F7-4668-BE54-9A1E7A4F7556}") = "GloboTicket.Gateway.Shared", "GloboTicket.Gateway.Shared\GloboTicket.Gateway.Shared.csproj", "{8BDC58FA-C92C-4EE0-808B-7A086B6FDA94}"
EndProject
Project("{9A19103F-16F7-4668-BE54-9A1E7A4F7556}") = "GloboTicket.Web.Bff", "GloboTicket.Web.Bff\GloboTicket.Web.Bff.csproj", "{FA0F1936-AAB8-4DA7-B368-E7C305D28B46}"
EndProject
Project("{2150E333-8FDC-42A3-9474-1A3956D46DE8}") = "Mobile", "Mobile", "{CD6C2FD3-1D6A-46EC-8E23-827CA3EC4AFE}"
EndProject
Project("{FAE04EC0-301F-11D3-BF4B-00C04F79EFBC}") = "GloboTicket.MobileApp.Android", "GloboTicket.MobileApp\GloboTicket.MobileApp.Android\GloboTicket.MobileApp.Android.csproj", "{1A2739AB-BE51-4FDE-A361-A3D26522C1E7}"
EndProject
Project("{FAE04EC0-301F-11D3-BF4B-00C04F79EFBC}") = "GloboTicket.MobileApp.iOS", "GloboTicket.MobileApp\GloboTicket.MobileApp.iOS\GloboTicket.MobileApp.iOS.csproj", "{072B9D2E-5F8A-4B13-B9CF-E7C6911D9268}"
EndProject
Project("{FAE04EC0-301F-11D3-BF4B-00C04F79EFBC}") = "GloboTicket.MobileApp", "GloboTicket.MobileApp\GloboTicket.MobileApp\GloboTicket.MobileApp.csproj", "{ACEA45CB-0CF4-4093-A6AF-E4984FCA6F5D}"
EndProject
Global
	GlobalSection(SolutionConfigurationPlatforms) = preSolution
		Debug|Any CPU = Debug|Any CPU
		Debug|iPhone = Debug|iPhone
		Debug|iPhoneSimulator = Debug|iPhoneSimulator
		Release|Any CPU = Release|Any CPU
		Release|iPhone = Release|iPhone
		Release|iPhoneSimulator = Release|iPhoneSimulator
	EndGlobalSection
	GlobalSection(ProjectConfigurationPlatforms) = postSolution
		{0848F9B8-B1CC-412F-9A8C-A09058575A1E}.Debug|Any CPU.ActiveCfg = Debug|Any CPU
		{0848F9B8-B1CC-412F-9A8C-A09058575A1E}.Debug|Any CPU.Build.0 = Debug|Any CPU
		{0848F9B8-B1CC-412F-9A8C-A09058575A1E}.Debug|iPhone.ActiveCfg = Debug|Any CPU
		{0848F9B8-B1CC-412F-9A8C-A09058575A1E}.Debug|iPhone.Build.0 = Debug|Any CPU
		{0848F9B8-B1CC-412F-9A8C-A09058575A1E}.Debug|iPhoneSimulator.ActiveCfg = Debug|Any CPU
		{0848F9B8-B1CC-412F-9A8C-A09058575A1E}.Debug|iPhoneSimulator.Build.0 = Debug|Any CPU
		{0848F9B8-B1CC-412F-9A8C-A09058575A1E}.Release|Any CPU.ActiveCfg = Release|Any CPU
		{0848F9B8-B1CC-412F-9A8C-A09058575A1E}.Release|Any CPU.Build.0 = Release|Any CPU
		{0848F9B8-B1CC-412F-9A8C-A09058575A1E}.Release|iPhone.ActiveCfg = Release|Any CPU
		{0848F9B8-B1CC-412F-9A8C-A09058575A1E}.Release|iPhone.Build.0 = Release|Any CPU
		{0848F9B8-B1CC-412F-9A8C-A09058575A1E}.Release|iPhoneSimulator.ActiveCfg = Release|Any CPU
		{0848F9B8-B1CC-412F-9A8C-A09058575A1E}.Release|iPhoneSimulator.Build.0 = Release|Any CPU
		{CD16338F-F1A0-44F7-834E-7813F3EF63FE}.Debug|Any CPU.ActiveCfg = Debug|Any CPU
		{CD16338F-F1A0-44F7-834E-7813F3EF63FE}.Debug|Any CPU.Build.0 = Debug|Any CPU
		{CD16338F-F1A0-44F7-834E-7813F3EF63FE}.Debug|iPhone.ActiveCfg = Debug|Any CPU
		{CD16338F-F1A0-44F7-834E-7813F3EF63FE}.Debug|iPhone.Build.0 = Debug|Any CPU
		{CD16338F-F1A0-44F7-834E-7813F3EF63FE}.Debug|iPhoneSimulator.ActiveCfg = Debug|Any CPU
		{CD16338F-F1A0-44F7-834E-7813F3EF63FE}.Debug|iPhoneSimulator.Build.0 = Debug|Any CPU
		{CD16338F-F1A0-44F7-834E-7813F3EF63FE}.Release|Any CPU.ActiveCfg = Release|Any CPU
		{CD16338F-F1A0-44F7-834E-7813F3EF63FE}.Release|Any CPU.Build.0 = Release|Any CPU
		{CD16338F-F1A0-44F7-834E-7813F3EF63FE}.Release|iPhone.ActiveCfg = Release|Any CPU
		{CD16338F-F1A0-44F7-834E-7813F3EF63FE}.Release|iPhone.Build.0 = Release|Any CPU
		{CD16338F-F1A0-44F7-834E-7813F3EF63FE}.Release|iPhoneSimulator.ActiveCfg = Release|Any CPU
		{CD16338F-F1A0-44F7-834E-7813F3EF63FE}.Release|iPhoneSimulator.Build.0 = Release|Any CPU
		{E2C27A67-A664-4501-8045-C71F13924979}.Debug|Any CPU.ActiveCfg = Debug|Any CPU
		{E2C27A67-A664-4501-8045-C71F13924979}.Debug|Any CPU.Build.0 = Debug|Any CPU
		{E2C27A67-A664-4501-8045-C71F13924979}.Debug|iPhone.ActiveCfg = Debug|Any CPU
		{E2C27A67-A664-4501-8045-C71F13924979}.Debug|iPhone.Build.0 = Debug|Any CPU
		{E2C27A67-A664-4501-8045-C71F13924979}.Debug|iPhoneSimulator.ActiveCfg = Debug|Any CPU
		{E2C27A67-A664-4501-8045-C71F13924979}.Debug|iPhoneSimulator.Build.0 = Debug|Any CPU
		{E2C27A67-A664-4501-8045-C71F13924979}.Release|Any CPU.ActiveCfg = Release|Any CPU
		{E2C27A67-A664-4501-8045-C71F13924979}.Release|Any CPU.Build.0 = Release|Any CPU
		{E2C27A67-A664-4501-8045-C71F13924979}.Release|iPhone.ActiveCfg = Release|Any CPU
		{E2C27A67-A664-4501-8045-C71F13924979}.Release|iPhone.Build.0 = Release|Any CPU
		{E2C27A67-A664-4501-8045-C71F13924979}.Release|iPhoneSimulator.ActiveCfg = Release|Any CPU
		{E2C27A67-A664-4501-8045-C71F13924979}.Release|iPhoneSimulator.Build.0 = Release|Any CPU
		{D230B20E-4C90-4BC4-A3FE-0B1AB7D02380}.Debug|Any CPU.ActiveCfg = Debug|Any CPU
		{D230B20E-4C90-4BC4-A3FE-0B1AB7D02380}.Debug|Any CPU.Build.0 = Debug|Any CPU
		{D230B20E-4C90-4BC4-A3FE-0B1AB7D02380}.Debug|iPhone.ActiveCfg = Debug|Any CPU
		{D230B20E-4C90-4BC4-A3FE-0B1AB7D02380}.Debug|iPhone.Build.0 = Debug|Any CPU
		{D230B20E-4C90-4BC4-A3FE-0B1AB7D02380}.Debug|iPhoneSimulator.ActiveCfg = Debug|Any CPU
		{D230B20E-4C90-4BC4-A3FE-0B1AB7D02380}.Debug|iPhoneSimulator.Build.0 = Debug|Any CPU
		{D230B20E-4C90-4BC4-A3FE-0B1AB7D02380}.Release|Any CPU.ActiveCfg = Release|Any CPU
		{D230B20E-4C90-4BC4-A3FE-0B1AB7D02380}.Release|Any CPU.Build.0 = Release|Any CPU
		{D230B20E-4C90-4BC4-A3FE-0B1AB7D02380}.Release|iPhone.ActiveCfg = Release|Any CPU
		{D230B20E-4C90-4BC4-A3FE-0B1AB7D02380}.Release|iPhone.Build.0 = Release|Any CPU
		{D230B20E-4C90-4BC4-A3FE-0B1AB7D02380}.Release|iPhoneSimulator.ActiveCfg = Release|Any CPU
		{D230B20E-4C90-4BC4-A3FE-0B1AB7D02380}.Release|iPhoneSimulator.Build.0 = Release|Any CPU
		{CBD08DF7-C1FA-4670-A265-827259E45867}.Debug|Any CPU.ActiveCfg = Debug|Any CPU
		{CBD08DF7-C1FA-4670-A265-827259E45867}.Debug|Any CPU.Build.0 = Debug|Any CPU
		{CBD08DF7-C1FA-4670-A265-827259E45867}.Debug|iPhone.ActiveCfg = Debug|Any CPU
		{CBD08DF7-C1FA-4670-A265-827259E45867}.Debug|iPhone.Build.0 = Debug|Any CPU
		{CBD08DF7-C1FA-4670-A265-827259E45867}.Debug|iPhoneSimulator.ActiveCfg = Debug|Any CPU
		{CBD08DF7-C1FA-4670-A265-827259E45867}.Debug|iPhoneSimulator.Build.0 = Debug|Any CPU
		{CBD08DF7-C1FA-4670-A265-827259E45867}.Release|Any CPU.ActiveCfg = Release|Any CPU
		{CBD08DF7-C1FA-4670-A265-827259E45867}.Release|Any CPU.Build.0 = Release|Any CPU
		{CBD08DF7-C1FA-4670-A265-827259E45867}.Release|iPhone.ActiveCfg = Release|Any CPU
		{CBD08DF7-C1FA-4670-A265-827259E45867}.Release|iPhone.Build.0 = Release|Any CPU
		{CBD08DF7-C1FA-4670-A265-827259E45867}.Release|iPhoneSimulator.ActiveCfg = Release|Any CPU
		{CBD08DF7-C1FA-4670-A265-827259E45867}.Release|iPhoneSimulator.Build.0 = Release|Any CPU
		{A36462E2-CD8A-4D63-BC2D-E4CDB3313A7C}.Debug|Any CPU.ActiveCfg = Debug|Any CPU
		{A36462E2-CD8A-4D63-BC2D-E4CDB3313A7C}.Debug|Any CPU.Build.0 = Debug|Any CPU
		{A36462E2-CD8A-4D63-BC2D-E4CDB3313A7C}.Debug|iPhone.ActiveCfg = Debug|Any CPU
		{A36462E2-CD8A-4D63-BC2D-E4CDB3313A7C}.Debug|iPhone.Build.0 = Debug|Any CPU
		{A36462E2-CD8A-4D63-BC2D-E4CDB3313A7C}.Debug|iPhoneSimulator.ActiveCfg = Debug|Any CPU
		{A36462E2-CD8A-4D63-BC2D-E4CDB3313A7C}.Debug|iPhoneSimulator.Build.0 = Debug|Any CPU
		{A36462E2-CD8A-4D63-BC2D-E4CDB3313A7C}.Release|Any CPU.ActiveCfg = Release|Any CPU
		{A36462E2-CD8A-4D63-BC2D-E4CDB3313A7C}.Release|Any CPU.Build.0 = Release|Any CPU
		{A36462E2-CD8A-4D63-BC2D-E4CDB3313A7C}.Release|iPhone.ActiveCfg = Release|Any CPU
		{A36462E2-CD8A-4D63-BC2D-E4CDB3313A7C}.Release|iPhone.Build.0 = Release|Any CPU
		{A36462E2-CD8A-4D63-BC2D-E4CDB3313A7C}.Release|iPhoneSimulator.ActiveCfg = Release|Any CPU
		{A36462E2-CD8A-4D63-BC2D-E4CDB3313A7C}.Release|iPhoneSimulator.Build.0 = Release|Any CPU
		{532539E3-8124-49E1-BDAE-8931A42BF7D6}.Debug|Any CPU.ActiveCfg = Debug|Any CPU
		{532539E3-8124-49E1-BDAE-8931A42BF7D6}.Debug|Any CPU.Build.0 = Debug|Any CPU
		{532539E3-8124-49E1-BDAE-8931A42BF7D6}.Debug|iPhone.ActiveCfg = Debug|Any CPU
		{532539E3-8124-49E1-BDAE-8931A42BF7D6}.Debug|iPhone.Build.0 = Debug|Any CPU
		{532539E3-8124-49E1-BDAE-8931A42BF7D6}.Debug|iPhoneSimulator.ActiveCfg = Debug|Any CPU
		{532539E3-8124-49E1-BDAE-8931A42BF7D6}.Debug|iPhoneSimulator.Build.0 = Debug|Any CPU
		{532539E3-8124-49E1-BDAE-8931A42BF7D6}.Release|Any CPU.ActiveCfg = Release|Any CPU
		{532539E3-8124-49E1-BDAE-8931A42BF7D6}.Release|Any CPU.Build.0 = Release|Any CPU
		{532539E3-8124-49E1-BDAE-8931A42BF7D6}.Release|iPhone.ActiveCfg = Release|Any CPU
		{532539E3-8124-49E1-BDAE-8931A42BF7D6}.Release|iPhone.Build.0 = Release|Any CPU
		{532539E3-8124-49E1-BDAE-8931A42BF7D6}.Release|iPhoneSimulator.ActiveCfg = Release|Any CPU
		{532539E3-8124-49E1-BDAE-8931A42BF7D6}.Release|iPhoneSimulator.Build.0 = Release|Any CPU
		{A6997021-8A1B-4727-9E5C-3EC1DB783BFC}.Debug|Any CPU.ActiveCfg = Debug|Any CPU
		{A6997021-8A1B-4727-9E5C-3EC1DB783BFC}.Debug|Any CPU.Build.0 = Debug|Any CPU
		{A6997021-8A1B-4727-9E5C-3EC1DB783BFC}.Debug|iPhone.ActiveCfg = Debug|Any CPU
		{A6997021-8A1B-4727-9E5C-3EC1DB783BFC}.Debug|iPhone.Build.0 = Debug|Any CPU
		{A6997021-8A1B-4727-9E5C-3EC1DB783BFC}.Debug|iPhoneSimulator.ActiveCfg = Debug|Any CPU
		{A6997021-8A1B-4727-9E5C-3EC1DB783BFC}.Debug|iPhoneSimulator.Build.0 = Debug|Any CPU
		{A6997021-8A1B-4727-9E5C-3EC1DB783BFC}.Release|Any CPU.ActiveCfg = Release|Any CPU
		{A6997021-8A1B-4727-9E5C-3EC1DB783BFC}.Release|Any CPU.Build.0 = Release|Any CPU
		{A6997021-8A1B-4727-9E5C-3EC1DB783BFC}.Release|iPhone.ActiveCfg = Release|Any CPU
		{A6997021-8A1B-4727-9E5C-3EC1DB783BFC}.Release|iPhone.Build.0 = Release|Any CPU
		{A6997021-8A1B-4727-9E5C-3EC1DB783BFC}.Release|iPhoneSimulator.ActiveCfg = Release|Any CPU
		{A6997021-8A1B-4727-9E5C-3EC1DB783BFC}.Release|iPhoneSimulator.Build.0 = Release|Any CPU
		{08E68C56-A116-430C-A5C3-78797B49C726}.Debug|Any CPU.ActiveCfg = Debug|Any CPU
		{08E68C56-A116-430C-A5C3-78797B49C726}.Debug|Any CPU.Build.0 = Debug|Any CPU
		{08E68C56-A116-430C-A5C3-78797B49C726}.Debug|iPhone.ActiveCfg = Debug|Any CPU
		{08E68C56-A116-430C-A5C3-78797B49C726}.Debug|iPhone.Build.0 = Debug|Any CPU
		{08E68C56-A116-430C-A5C3-78797B49C726}.Debug|iPhoneSimulator.ActiveCfg = Debug|Any CPU
		{08E68C56-A116-430C-A5C3-78797B49C726}.Debug|iPhoneSimulator.Build.0 = Debug|Any CPU
		{08E68C56-A116-430C-A5C3-78797B49C726}.Release|Any CPU.ActiveCfg = Release|Any CPU
		{08E68C56-A116-430C-A5C3-78797B49C726}.Release|Any CPU.Build.0 = Release|Any CPU
		{08E68C56-A116-430C-A5C3-78797B49C726}.Release|iPhone.ActiveCfg = Release|Any CPU
		{08E68C56-A116-430C-A5C3-78797B49C726}.Release|iPhone.Build.0 = Release|Any CPU
		{08E68C56-A116-430C-A5C3-78797B49C726}.Release|iPhoneSimulator.ActiveCfg = Release|Any CPU
		{08E68C56-A116-430C-A5C3-78797B49C726}.Release|iPhoneSimulator.Build.0 = Release|Any CPU
		{71D77F9F-0A21-4054-BB7C-A9C75062B202}.Debug|Any CPU.ActiveCfg = Debug|Any CPU
		{71D77F9F-0A21-4054-BB7C-A9C75062B202}.Debug|Any CPU.Build.0 = Debug|Any CPU
		{71D77F9F-0A21-4054-BB7C-A9C75062B202}.Debug|iPhone.ActiveCfg = Debug|Any CPU
		{71D77F9F-0A21-4054-BB7C-A9C75062B202}.Debug|iPhone.Build.0 = Debug|Any CPU
		{71D77F9F-0A21-4054-BB7C-A9C75062B202}.Debug|iPhoneSimulator.ActiveCfg = Debug|Any CPU
		{71D77F9F-0A21-4054-BB7C-A9C75062B202}.Debug|iPhoneSimulator.Build.0 = Debug|Any CPU
		{71D77F9F-0A21-4054-BB7C-A9C75062B202}.Release|Any CPU.ActiveCfg = Release|Any CPU
		{71D77F9F-0A21-4054-BB7C-A9C75062B202}.Release|Any CPU.Build.0 = Release|Any CPU
		{71D77F9F-0A21-4054-BB7C-A9C75062B202}.Release|iPhone.ActiveCfg = Release|Any CPU
		{71D77F9F-0A21-4054-BB7C-A9C75062B202}.Release|iPhone.Build.0 = Release|Any CPU
		{71D77F9F-0A21-4054-BB7C-A9C75062B202}.Release|iPhoneSimulator.ActiveCfg = Release|Any CPU
		{71D77F9F-0A21-4054-BB7C-A9C75062B202}.Release|iPhoneSimulator.Build.0 = Release|Any CPU
		{883D3C2D-9557-46B7-A993-1CD6117A731A}.Debug|Any CPU.ActiveCfg = Debug|Any CPU
		{883D3C2D-9557-46B7-A993-1CD6117A731A}.Debug|Any CPU.Build.0 = Debug|Any CPU
		{883D3C2D-9557-46B7-A993-1CD6117A731A}.Debug|iPhone.ActiveCfg = Debug|Any CPU
		{883D3C2D-9557-46B7-A993-1CD6117A731A}.Debug|iPhone.Build.0 = Debug|Any CPU
		{883D3C2D-9557-46B7-A993-1CD6117A731A}.Debug|iPhoneSimulator.ActiveCfg = Debug|Any CPU
		{883D3C2D-9557-46B7-A993-1CD6117A731A}.Debug|iPhoneSimulator.Build.0 = Debug|Any CPU
		{883D3C2D-9557-46B7-A993-1CD6117A731A}.Release|Any CPU.ActiveCfg = Release|Any CPU
		{883D3C2D-9557-46B7-A993-1CD6117A731A}.Release|Any CPU.Build.0 = Release|Any CPU
		{883D3C2D-9557-46B7-A993-1CD6117A731A}.Release|iPhone.ActiveCfg = Release|Any CPU
		{883D3C2D-9557-46B7-A993-1CD6117A731A}.Release|iPhone.Build.0 = Release|Any CPU
		{883D3C2D-9557-46B7-A993-1CD6117A731A}.Release|iPhoneSimulator.ActiveCfg = Release|Any CPU
		{883D3C2D-9557-46B7-A993-1CD6117A731A}.Release|iPhoneSimulator.Build.0 = Release|Any CPU
		{7A7E27B3-1CA8-49F8-9A14-81E11ED0EF1D}.Debug|Any CPU.ActiveCfg = Debug|Any CPU
		{7A7E27B3-1CA8-49F8-9A14-81E11ED0EF1D}.Debug|Any CPU.Build.0 = Debug|Any CPU
		{7A7E27B3-1CA8-49F8-9A14-81E11ED0EF1D}.Debug|iPhone.ActiveCfg = Debug|Any CPU
		{7A7E27B3-1CA8-49F8-9A14-81E11ED0EF1D}.Debug|iPhone.Build.0 = Debug|Any CPU
		{7A7E27B3-1CA8-49F8-9A14-81E11ED0EF1D}.Debug|iPhoneSimulator.ActiveCfg = Debug|Any CPU
		{7A7E27B3-1CA8-49F8-9A14-81E11ED0EF1D}.Debug|iPhoneSimulator.Build.0 = Debug|Any CPU
		{7A7E27B3-1CA8-49F8-9A14-81E11ED0EF1D}.Release|Any CPU.ActiveCfg = Release|Any CPU
		{7A7E27B3-1CA8-49F8-9A14-81E11ED0EF1D}.Release|Any CPU.Build.0 = Release|Any CPU
		{7A7E27B3-1CA8-49F8-9A14-81E11ED0EF1D}.Release|iPhone.ActiveCfg = Release|Any CPU
		{7A7E27B3-1CA8-49F8-9A14-81E11ED0EF1D}.Release|iPhone.Build.0 = Release|Any CPU
		{7A7E27B3-1CA8-49F8-9A14-81E11ED0EF1D}.Release|iPhoneSimulator.ActiveCfg = Release|Any CPU
		{7A7E27B3-1CA8-49F8-9A14-81E11ED0EF1D}.Release|iPhoneSimulator.Build.0 = Release|Any CPU
		{8BDC58FA-C92C-4EE0-808B-7A086B6FDA94}.Debug|Any CPU.ActiveCfg = Debug|Any CPU
		{8BDC58FA-C92C-4EE0-808B-7A086B6FDA94}.Debug|Any CPU.Build.0 = Debug|Any CPU
		{8BDC58FA-C92C-4EE0-808B-7A086B6FDA94}.Debug|iPhone.ActiveCfg = Debug|Any CPU
		{8BDC58FA-C92C-4EE0-808B-7A086B6FDA94}.Debug|iPhone.Build.0 = Debug|Any CPU
		{8BDC58FA-C92C-4EE0-808B-7A086B6FDA94}.Debug|iPhoneSimulator.ActiveCfg = Debug|Any CPU
		{8BDC58FA-C92C-4EE0-808B-7A086B6FDA94}.Debug|iPhoneSimulator.Build.0 = Debug|Any CPU
		{8BDC58FA-C92C-4EE0-808B-7A086B6FDA94}.Release|Any CPU.ActiveCfg = Release|Any CPU
		{8BDC58FA-C92C-4EE0-808B-7A086B6FDA94}.Release|Any CPU.Build.0 = Release|Any CPU
		{8BDC58FA-C92C-4EE0-808B-7A086B6FDA94}.Release|iPhone.ActiveCfg = Release|Any CPU
		{8BDC58FA-C92C-4EE0-808B-7A086B6FDA94}.Release|iPhone.Build.0 = Release|Any CPU
		{8BDC58FA-C92C-4EE0-808B-7A086B6FDA94}.Release|iPhoneSimulator.ActiveCfg = Release|Any CPU
		{8BDC58FA-C92C-4EE0-808B-7A086B6FDA94}.Release|iPhoneSimulator.Build.0 = Release|Any CPU
		{FA0F1936-AAB8-4DA7-B368-E7C305D28B46}.Debug|Any CPU.ActiveCfg = Debug|Any CPU
		{FA0F1936-AAB8-4DA7-B368-E7C305D28B46}.Debug|Any CPU.Build.0 = Debug|Any CPU
		{FA0F1936-AAB8-4DA7-B368-E7C305D28B46}.Debug|iPhone.ActiveCfg = Debug|Any CPU
		{FA0F1936-AAB8-4DA7-B368-E7C305D28B46}.Debug|iPhone.Build.0 = Debug|Any CPU
		{FA0F1936-AAB8-4DA7-B368-E7C305D28B46}.Debug|iPhoneSimulator.ActiveCfg = Debug|Any CPU
		{FA0F1936-AAB8-4DA7-B368-E7C305D28B46}.Debug|iPhoneSimulator.Build.0 = Debug|Any CPU
		{FA0F1936-AAB8-4DA7-B368-E7C305D28B46}.Release|Any CPU.ActiveCfg = Release|Any CPU
		{FA0F1936-AAB8-4DA7-B368-E7C305D28B46}.Release|Any CPU.Build.0 = Release|Any CPU
		{FA0F1936-AAB8-4DA7-B368-E7C305D28B46}.Release|iPhone.ActiveCfg = Release|Any CPU
		{FA0F1936-AAB8-4DA7-B368-E7C305D28B46}.Release|iPhone.Build.0 = Release|Any CPU
		{FA0F1936-AAB8-4DA7-B368-E7C305D28B46}.Release|iPhoneSimulator.ActiveCfg = Release|Any CPU
		{FA0F1936-AAB8-4DA7-B368-E7C305D28B46}.Release|iPhoneSimulator.Build.0 = Release|Any CPU
		{1A2739AB-BE51-4FDE-A361-A3D26522C1E7}.Debug|Any CPU.ActiveCfg = Debug|Any CPU
		{1A2739AB-BE51-4FDE-A361-A3D26522C1E7}.Debug|Any CPU.Build.0 = Debug|Any CPU
		{1A2739AB-BE51-4FDE-A361-A3D26522C1E7}.Debug|Any CPU.Deploy.0 = Debug|Any CPU
		{1A2739AB-BE51-4FDE-A361-A3D26522C1E7}.Debug|iPhone.ActiveCfg = Debug|Any CPU
		{1A2739AB-BE51-4FDE-A361-A3D26522C1E7}.Debug|iPhone.Build.0 = Debug|Any CPU
		{1A2739AB-BE51-4FDE-A361-A3D26522C1E7}.Debug|iPhone.Deploy.0 = Debug|Any CPU
		{1A2739AB-BE51-4FDE-A361-A3D26522C1E7}.Debug|iPhoneSimulator.ActiveCfg = Debug|Any CPU
		{1A2739AB-BE51-4FDE-A361-A3D26522C1E7}.Debug|iPhoneSimulator.Build.0 = Debug|Any CPU
		{1A2739AB-BE51-4FDE-A361-A3D26522C1E7}.Debug|iPhoneSimulator.Deploy.0 = Debug|Any CPU
		{1A2739AB-BE51-4FDE-A361-A3D26522C1E7}.Release|Any CPU.ActiveCfg = Release|Any CPU
		{1A2739AB-BE51-4FDE-A361-A3D26522C1E7}.Release|Any CPU.Build.0 = Release|Any CPU
		{1A2739AB-BE51-4FDE-A361-A3D26522C1E7}.Release|Any CPU.Deploy.0 = Release|Any CPU
		{1A2739AB-BE51-4FDE-A361-A3D26522C1E7}.Release|iPhone.ActiveCfg = Release|Any CPU
		{1A2739AB-BE51-4FDE-A361-A3D26522C1E7}.Release|iPhone.Build.0 = Release|Any CPU
		{1A2739AB-BE51-4FDE-A361-A3D26522C1E7}.Release|iPhone.Deploy.0 = Release|Any CPU
		{1A2739AB-BE51-4FDE-A361-A3D26522C1E7}.Release|iPhoneSimulator.ActiveCfg = Release|Any CPU
		{1A2739AB-BE51-4FDE-A361-A3D26522C1E7}.Release|iPhoneSimulator.Build.0 = Release|Any CPU
		{1A2739AB-BE51-4FDE-A361-A3D26522C1E7}.Release|iPhoneSimulator.Deploy.0 = Release|Any CPU
		{072B9D2E-5F8A-4B13-B9CF-E7C6911D9268}.Debug|Any CPU.ActiveCfg = Debug|iPhone
		{072B9D2E-5F8A-4B13-B9CF-E7C6911D9268}.Debug|iPhone.ActiveCfg = Debug|iPhone
		{072B9D2E-5F8A-4B13-B9CF-E7C6911D9268}.Debug|iPhone.Build.0 = Debug|iPhone
		{072B9D2E-5F8A-4B13-B9CF-E7C6911D9268}.Debug|iPhoneSimulator.ActiveCfg = Debug|iPhoneSimulator
		{072B9D2E-5F8A-4B13-B9CF-E7C6911D9268}.Debug|iPhoneSimulator.Build.0 = Debug|iPhoneSimulator
		{072B9D2E-5F8A-4B13-B9CF-E7C6911D9268}.Release|Any CPU.ActiveCfg = Release|iPhone
		{072B9D2E-5F8A-4B13-B9CF-E7C6911D9268}.Release|iPhone.ActiveCfg = Release|iPhone
		{072B9D2E-5F8A-4B13-B9CF-E7C6911D9268}.Release|iPhone.Build.0 = Release|iPhone
		{072B9D2E-5F8A-4B13-B9CF-E7C6911D9268}.Release|iPhoneSimulator.ActiveCfg = Release|iPhoneSimulator
		{072B9D2E-5F8A-4B13-B9CF-E7C6911D9268}.Release|iPhoneSimulator.Build.0 = Release|iPhoneSimulator
		{ACEA45CB-0CF4-4093-A6AF-E4984FCA6F5D}.Debug|Any CPU.ActiveCfg = Debug|Any CPU
		{ACEA45CB-0CF4-4093-A6AF-E4984FCA6F5D}.Debug|Any CPU.Build.0 = Debug|Any CPU
		{ACEA45CB-0CF4-4093-A6AF-E4984FCA6F5D}.Debug|iPhone.ActiveCfg = Debug|Any CPU
		{ACEA45CB-0CF4-4093-A6AF-E4984FCA6F5D}.Debug|iPhone.Build.0 = Debug|Any CPU
		{ACEA45CB-0CF4-4093-A6AF-E4984FCA6F5D}.Debug|iPhoneSimulator.ActiveCfg = Debug|Any CPU
		{ACEA45CB-0CF4-4093-A6AF-E4984FCA6F5D}.Debug|iPhoneSimulator.Build.0 = Debug|Any CPU
		{ACEA45CB-0CF4-4093-A6AF-E4984FCA6F5D}.Release|Any CPU.ActiveCfg = Release|Any CPU
		{ACEA45CB-0CF4-4093-A6AF-E4984FCA6F5D}.Release|Any CPU.Build.0 = Release|Any CPU
		{ACEA45CB-0CF4-4093-A6AF-E4984FCA6F5D}.Release|iPhone.ActiveCfg = Release|Any CPU
		{ACEA45CB-0CF4-4093-A6AF-E4984FCA6F5D}.Release|iPhone.Build.0 = Release|Any CPU
		{ACEA45CB-0CF4-4093-A6AF-E4984FCA6F5D}.Release|iPhoneSimulator.ActiveCfg = Release|Any CPU
		{ACEA45CB-0CF4-4093-A6AF-E4984FCA6F5D}.Release|iPhoneSimulator.Build.0 = Release|Any CPU
	EndGlobalSection
	GlobalSection(SolutionProperties) = preSolution
		HideSolutionNode = FALSE
	EndGlobalSection
	GlobalSection(NestedProjects) = preSolution
		{0848F9B8-B1CC-412F-9A8C-A09058575A1E} = {825D4E4F-3BFF-4546-96AB-8AB83D95722D}
		{CD16338F-F1A0-44F7-834E-7813F3EF63FE} = {F3632F51-056C-43C5-9E59-8D371E99C8BF}
		{E2C27A67-A664-4501-8045-C71F13924979} = {F3632F51-056C-43C5-9E59-8D371E99C8BF}
		{D230B20E-4C90-4BC4-A3FE-0B1AB7D02380} = {F3632F51-056C-43C5-9E59-8D371E99C8BF}
		{CBD08DF7-C1FA-4670-A265-827259E45867} = {F3632F51-056C-43C5-9E59-8D371E99C8BF}
		{A36462E2-CD8A-4D63-BC2D-E4CDB3313A7C} = {F3632F51-056C-43C5-9E59-8D371E99C8BF}
		{532539E3-8124-49E1-BDAE-8931A42BF7D6} = {8BC3B285-5AD7-49A5-AE12-6903C029FEC5}
		{A6997021-8A1B-4727-9E5C-3EC1DB783BFC} = {8BC3B285-5AD7-49A5-AE12-6903C029FEC5}
		{08E68C56-A116-430C-A5C3-78797B49C726} = {BEE0F382-1476-489A-9ACA-B4D969B45BDF}
		{71D77F9F-0A21-4054-BB7C-A9C75062B202} = {F3632F51-056C-43C5-9E59-8D371E99C8BF}
		{883D3C2D-9557-46B7-A993-1CD6117A731A} = {C5340063-2075-4208-B77A-2D192BC07552}
		{7A7E27B3-1CA8-49F8-9A14-81E11ED0EF1D} = {C5340063-2075-4208-B77A-2D192BC07552}
		{8BDC58FA-C92C-4EE0-808B-7A086B6FDA94} = {C5340063-2075-4208-B77A-2D192BC07552}
		{FA0F1936-AAB8-4DA7-B368-E7C305D28B46} = {825D4E4F-3BFF-4546-96AB-8AB83D95722D}
		{CD6C2FD3-1D6A-46EC-8E23-827CA3EC4AFE} = {825D4E4F-3BFF-4546-96AB-8AB83D95722D}
		{1A2739AB-BE51-4FDE-A361-A3D26522C1E7} = {CD6C2FD3-1D6A-46EC-8E23-827CA3EC4AFE}
		{072B9D2E-5F8A-4B13-B9CF-E7C6911D9268} = {CD6C2FD3-1D6A-46EC-8E23-827CA3EC4AFE}
		{ACEA45CB-0CF4-4093-A6AF-E4984FCA6F5D} = {CD6C2FD3-1D6A-46EC-8E23-827CA3EC4AFE}
	EndGlobalSection
	GlobalSection(ExtensibilityGlobals) = postSolution
		SolutionGuid = {57E1B7AE-99E6-4F8F-977C-CF0FD36BBE42}
	EndGlobalSection
EndGlobal
